
Microsoft Visual Studio Solution File, Format Version 12.00
# Visual Studio Version 16
VisualStudioVersion = 16.0.29215.179
MinimumVisualStudioVersion = 10.0.40219.1
Project("{FAE04EC0-301F-11D3-BF4B-00C04F79EFBC}") = "calc.test.unit", "calc.test.unit\calc.test.unit.csproj", "{4EE881A2-B1AC-4D6D-858D-734F7E311794}"
EndProject
Project("{FAE04EC0-301F-11D3-BF4B-00C04F79EFBC}") = "calc", "calc\calc.csproj", "{C255B9CC-A7D4-4581-8F27-5E71ED3D570E}"
EndProject
Global
	GlobalSection(SolutionConfigurationPlatforms) = preSolution
		Debug|Any CPU = Debug|Any CPU
		Release|Any CPU = Release|Any CPU
	EndGlobalSection
	GlobalSection(ProjectConfigurationPlatforms) = postSolution
		{4EE881A2-B1AC-4D6D-858D-734F7E311794}.Debug|Any CPU.ActiveCfg = Debug|Any CPU
		{4EE881A2-B1AC-4D6D-858D-734F7E311794}.Debug|Any CPU.Build.0 = Debug|Any CPU
		{4EE881A2-B1AC-4D6D-858D-734F7E311794}.Release|Any CPU.ActiveCfg = Release|Any CPU
		{4EE881A2-B1AC-4D6D-858D-734F7E311794}.Release|Any CPU.Build.0 = Release|Any CPU
		{C255B9CC-A7D4-4581-8F27-5E71ED3D570E}.Debug|Any CPU.ActiveCfg = Debug|Any CPU
		{C255B9CC-A7D4-4581-8F27-5E71ED3D570E}.Debug|Any CPU.Build.0 = Debug|Any CPU
		{C255B9CC-A7D4-4581-8F27-5E71ED3D570E}.Release|Any CPU.ActiveCfg = Release|Any CPU
		{C255B9CC-A7D4-4581-8F27-5E71ED3D570E}.Release|Any CPU.Build.0 = Release|Any CPU
	EndGlobalSection
	GlobalSection(SolutionProperties) = preSolution
		HideSolutionNode = FALSE
	EndGlobalSection
	GlobalSection(ExtensibilityGlobals) = postSolution
		SolutionGuid = {84FB5AD2-9B43-430D-B655-0B40E5C3305D}
	EndGlobalSection
EndGlobal
